
Microsoft Visual Studio Solution File, Format Version 12.00
# Visual Studio Version 16
VisualStudioVersion = 16.0.32228.343
MinimumVisualStudioVersion = 10.0.40219.1
Project("{FAE04EC0-301F-11D3-BF4B-00C04F79EFBC}") = "P128Enum", "P128Enum.csproj", "{3C2C5BF6-E256-4924-807E-3BEDF85A3F31}"
EndProject
Global
	GlobalSection(SolutionConfigurationPlatforms) = preSolution
		Debug|Any CPU = Debug|Any CPU
		Release|Any CPU = Release|Any CPU
	EndGlobalSection
	GlobalSection(ProjectConfigurationPlatforms) = postSolution
		{3C2C5BF6-E256-4924-807E-3BEDF85A3F31}.Debug|Any CPU.ActiveCfg = Debug|Any CPU
		{3C2C5BF6-E256-4924-807E-3BEDF85A3F31}.Debug|Any CPU.Build.0 = Debug|Any CPU
		{3C2C5BF6-E256-4924-807E-3BEDF85A3F31}.Release|Any CPU.ActiveCfg = Release|Any CPU
		{3C2C5BF6-E256-4924-807E-3BEDF85A3F31}.Release|Any CPU.Build.0 = Release|Any CPU
	EndGlobalSection
	GlobalSection(SolutionProperties) = preSolution
		HideSolutionNode = FALSE
	EndGlobalSection
	GlobalSection(ExtensibilityGlobals) = postSolution
		SolutionGuid = {15FBFEDC-1766-4933-B572-2E9D1DF1091F}
	EndGlobalSection
EndGlobal
